// !$*UTF8*$!
{
	archiveVersion = 1;
	classes = {
	};
	objectVersion = 56;
	objects = {

/* Begin PBXBuildFile section */
		C92B22F62A04B8FB004D1CC5 /* NC1_CountingCaloriesApp.swift in Sources */ = {isa = PBXBuildFile; fileRef = C92B22F52A04B8FB004D1CC5 /* NC1_CountingCaloriesApp.swift */; };
		C92B22F82A04B8FB004D1CC5 /* ContentView.swift in Sources */ = {isa = PBXBuildFile; fileRef = C92B22F72A04B8FB004D1CC5 /* ContentView.swift */; };
		C92B22FA2A04B8FC004D1CC5 /* Assets.xcassets in Resources */ = {isa = PBXBuildFile; fileRef = C92B22F92A04B8FC004D1CC5 /* Assets.xcassets */; };
		C92B22FD2A04B8FC004D1CC5 /* Preview Assets.xcassets in Resources */ = {isa = PBXBuildFile; fileRef = C92B22FC2A04B8FC004D1CC5 /* Preview Assets.xcassets */; };
		C9B5673B2A121CF3001F5325 /* HealthKitManager.swift in Sources */ = {isa = PBXBuildFile; fileRef = C9B5673A2A121CF3001F5325 /* HealthKitManager.swift */; };
		C9B5673D2A1383DA001F5325 /* Container.swift in Sources */ = {isa = PBXBuildFile; fileRef = C9B5673C2A1383DA001F5325 /* Container.swift */; };
		C9B5673F2A138AB0001F5325 /* ProfileVieew.swift in Sources */ = {isa = PBXBuildFile; fileRef = C9B5673E2A138AB0001F5325 /* ProfileVieew.swift */; };
		C9B567412A139251001F5325 /* AddIntake.swift in Sources */ = {isa = PBXBuildFile; fileRef = C9B567402A139251001F5325 /* AddIntake.swift */; };
		C9DEC5A42A0B8974004A66C0 /* ProfileView.swift in Sources */ = {isa = PBXBuildFile; fileRef = C9DEC5A32A0B8974004A66C0 /* ProfileView.swift */; };
		C9DEC5A72A0B914D004A66C0 /* Data1.xcdatamodeld in Sources */ = {isa = PBXBuildFile; fileRef = C9DEC5A52A0B914D004A66C0 /* Data1.xcdatamodeld */; };
/* End PBXBuildFile section */

/* Begin PBXFileReference section */
		C92B22F22A04B8FB004D1CC5 /* NC1_CountingCalories.app */ = {isa = PBXFileReference; explicitFileType = wrapper.application; includeInIndex = 0; path = NC1_CountingCalories.app; sourceTree = BUILT_PRODUCTS_DIR; };
		C92B22F52A04B8FB004D1CC5 /* NC1_CountingCaloriesApp.swift */ = {isa = PBXFileReference; lastKnownFileType = sourcecode.swift; path = NC1_CountingCaloriesApp.swift; sourceTree = "<group>"; };
		C92B22F72A04B8FB004D1CC5 /* ContentView.swift */ = {isa = PBXFileReference; lastKnownFileType = sourcecode.swift; path = ContentView.swift; sourceTree = "<group>"; };
		C92B22F92A04B8FC004D1CC5 /* Assets.xcassets */ = {isa = PBXFileReference; lastKnownFileType = folder.assetcatalog; path = Assets.xcassets; sourceTree = "<group>"; };
		C92B22FC2A04B8FC004D1CC5 /* Preview Assets.xcassets */ = {isa = PBXFileReference; lastKnownFileType = folder.assetcatalog; path = "Preview Assets.xcassets"; sourceTree = "<group>"; };
		C9B567382A121B3E001F5325 /* NC1_CountingCalories.entitlements */ = {isa = PBXFileReference; lastKnownFileType = text.plist.entitlements; path = NC1_CountingCalories.entitlements; sourceTree = "<group>"; };
		C9B567392A121C2A001F5325 /* NC1-CountingCalories-Info.plist */ = {isa = PBXFileReference; lastKnownFileType = text.plist; path = "NC1-CountingCalories-Info.plist"; sourceTree = SOURCE_ROOT; };
		C9B5673A2A121CF3001F5325 /* HealthKitManager.swift */ = {isa = PBXFileReference; lastKnownFileType = sourcecode.swift; path = HealthKitManager.swift; sourceTree = "<group>"; };
		C9B5673C2A1383DA001F5325 /* Container.swift */ = {isa = PBXFileReference; lastKnownFileType = sourcecode.swift; path = Container.swift; sourceTree = "<group>"; };
		C9B5673E2A138AB0001F5325 /* ProfileVieew.swift */ = {isa = PBXFileReference; lastKnownFileType = sourcecode.swift; path = ProfileVieew.swift; sourceTree = "<group>"; };
		C9B567402A139251001F5325 /* AddIntake.swift */ = {isa = PBXFileReference; lastKnownFileType = sourcecode.swift; path = AddIntake.swift; sourceTree = "<group>"; };
		C9DEC5A32A0B8974004A66C0 /* ProfileView.swift */ = {isa = PBXFileReference; lastKnownFileType = sourcecode.swift; path = ProfileView.swift; sourceTree = "<group>"; };
		C9DEC5A62A0B914D004A66C0 /* Book1.xcdatamodel */ = {isa = PBXFileReference; lastKnownFileType = wrapper.xcdatamodel; path = Book1.xcdatamodel; sourceTree = "<group>"; };
/* End PBXFileReference section */

/* Begin PBXFrameworksBuildPhase section */
		C92B22EF2A04B8FB004D1CC5 /* Frameworks */ = {
			isa = PBXFrameworksBuildPhase;
			buildActionMask = 2147483647;
			files = (
			);
			runOnlyForDeploymentPostprocessing = 0;
		};
/* End PBXFrameworksBuildPhase section */

/* Begin PBXGroup section */
		C92B22E92A04B8FB004D1CC5 = {
			isa = PBXGroup;
			children = (
				C92B22F42A04B8FB004D1CC5 /* NC1_CountingCalories */,
				C92B22F32A04B8FB004D1CC5 /* Products */,
			);
			sourceTree = "<group>";
		};
		C92B22F32A04B8FB004D1CC5 /* Products */ = {
			isa = PBXGroup;
			children = (
				C92B22F22A04B8FB004D1CC5 /* NC1_CountingCalories.app */,
			);
			name = Products;
			sourceTree = "<group>";
		};
		C92B22F42A04B8FB004D1CC5 /* NC1_CountingCalories */ = {
			isa = PBXGroup;
			children = (
				C9B5673A2A121CF3001F5325 /* HealthKitManager.swift */,
				C9B567392A121C2A001F5325 /* NC1-CountingCalories-Info.plist */,
				C9B567382A121B3E001F5325 /* NC1_CountingCalories.entitlements */,
				C92B22F52A04B8FB004D1CC5 /* NC1_CountingCaloriesApp.swift */,
				C92B22F72A04B8FB004D1CC5 /* ContentView.swift */,
				C9B5673C2A1383DA001F5325 /* Container.swift */,
				C9DEC5A52A0B914D004A66C0 /* Data1.xcdatamodeld */,
				C9DEC5A32A0B8974004A66C0 /* ProfileView.swift */,
				C9B5673E2A138AB0001F5325 /* ProfileVieew.swift */,
				C9B567402A139251001F5325 /* AddIntake.swift */,
				C92B22F92A04B8FC004D1CC5 /* Assets.xcassets */,
				C92B22FB2A04B8FC004D1CC5 /* Preview Content */,
			);
			path = NC1_CountingCalories;
			sourceTree = "<group>";
		};
		C92B22FB2A04B8FC004D1CC5 /* Preview Content */ = {
			isa = PBXGroup;
			children = (
				C92B22FC2A04B8FC004D1CC5 /* Preview Assets.xcassets */,
			);
			path = "Preview Content";
			sourceTree = "<group>";
		};
/* End PBXGroup section */

/* Begin PBXNativeTarget section */
		C92B22F12A04B8FB004D1CC5 /* NC1_CountingCalories */ = {
			isa = PBXNativeTarget;
			buildConfigurationList = C92B23002A04B8FC004D1CC5 /* Build configuration list for PBXNativeTarget "NC1_CountingCalories" */;
			buildPhases = (
				C92B22EE2A04B8FB004D1CC5 /* Sources */,
				C92B22EF2A04B8FB004D1CC5 /* Frameworks */,
				C92B22F02A04B8FB004D1CC5 /* Resources */,
			);
			buildRules = (
			);
			dependencies = (
			);
			name = NC1_CountingCalories;
			productName = NC1_CountingCalories;
			productReference = C92B22F22A04B8FB004D1CC5 /* NC1_CountingCalories.app */;
			productType = "com.apple.product-type.application";
		};
/* End PBXNativeTarget section */

/* Begin PBXProject section */
		C92B22EA2A04B8FB004D1CC5 /* Project object */ = {
			isa = PBXProject;
			attributes = {
				BuildIndependentTargetsInParallel = 1;
				LastSwiftUpdateCheck = 1430;
				LastUpgradeCheck = 1430;
				TargetAttributes = {
					C92B22F12A04B8FB004D1CC5 = {
						CreatedOnToolsVersion = 14.3;
					};
				};
			};
			buildConfigurationList = C92B22ED2A04B8FB004D1CC5 /* Build configuration list for PBXProject "NC1_CountingCalories" */;
			compatibilityVersion = "Xcode 14.0";
			developmentRegion = en;
			hasScannedForEncodings = 0;
			knownRegions = (
				en,
				Base,
			);
			mainGroup = C92B22E92A04B8FB004D1CC5;
			productRefGroup = C92B22F32A04B8FB004D1CC5 /* Products */;
			projectDirPath = "";
			projectRoot = "";
			targets = (
				C92B22F12A04B8FB004D1CC5 /* NC1_CountingCalories */,
			);
		};
/* End PBXProject section */

/* Begin PBXResourcesBuildPhase section */
		C92B22F02A04B8FB004D1CC5 /* Resources */ = {
			isa = PBXResourcesBuildPhase;
			buildActionMask = 2147483647;
			files = (
				C92B22FD2A04B8FC004D1CC5 /* Preview Assets.xcassets in Resources */,
				C92B22FA2A04B8FC004D1CC5 /* Assets.xcassets in Resources */,
			);
			runOnlyForDeploymentPostprocessing = 0;
		};
/* End PBXResourcesBuildPhase section */

/* Begin PBXSourcesBuildPhase section */
		C92B22EE2A04B8FB004D1CC5 /* Sources */ = {
			isa = PBXSourcesBuildPhase;
			buildActionMask = 2147483647;
			files = (
				C9DEC5A42A0B8974004A66C0 /* ProfileView.swift in Sources */,
				C92B22F82A04B8FB004D1CC5 /* ContentView.swift in Sources */,
				C9B567412A139251001F5325 /* AddIntake.swift in Sources */,
				C9B5673B2A121CF3001F5325 /* HealthKitManager.swift in Sources */,
				C9DEC5A72A0B914D004A66C0 /* Data1.xcdatamodeld in Sources */,
				C9B5673D2A1383DA001F5325 /* Container.swift in Sources */,
				C92B22F62A04B8FB004D1CC5 /* NC1_CountingCaloriesApp.swift in Sources */,
				C9B5673F2A138AB0001F5325 /* ProfileVieew.swift in Sources */,
			);
			runOnlyForDeploymentPostprocessing = 0;
		};
/* End PBXSourcesBuildPhase section */

/* Begin XCBuildConfiguration section */
		C92B22FE2A04B8FC004D1CC5 /* Debug */ = {
			isa = XCBuildConfiguration;
			buildSettings = {
				ALWAYS_SEARCH_USER_PATHS = NO;
				CLANG_ANALYZER_NONNULL = YES;
				CLANG_ANALYZER_NUMBER_OBJECT_CONVERSION = YES_AGGRESSIVE;
				CLANG_CXX_LANGUAGE_STANDARD = "gnu++20";
				CLANG_ENABLE_MODULES = YES;
				CLANG_ENABLE_OBJC_ARC = YES;
				CLANG_ENABLE_OBJC_WEAK = YES;
				CLANG_WARN_BLOCK_CAPTURE_AUTORELEASING = YES;
				CLANG_WARN_BOOL_CONVERSION = YES;
				CLANG_WARN_COMMA = YES;
				CLANG_WARN_CONSTANT_CONVERSION = YES;
				CLANG_WARN_DEPRECATED_OBJC_IMPLEMENTATIONS = YES;
				CLANG_WARN_DIRECT_OBJC_ISA_USAGE = YES_ERROR;
				CLANG_WARN_DOCUMENTATION_COMMENTS = YES;
				CLANG_WARN_EMPTY_BODY = YES;
				CLANG_WARN_ENUM_CONVERSION = YES;
				CLANG_WARN_INFINITE_RECURSION = YES;
				CLANG_WARN_INT_CONVERSION = YES;
				CLANG_WARN_NON_LITERAL_NULL_CONVERSION = YES;
				CLANG_WARN_OBJC_IMPLICIT_RETAIN_SELF = YES;
				CLANG_WARN_OBJC_LITERAL_CONVERSION = YES;
				CLANG_WARN_OBJC_ROOT_CLASS = YES_ERROR;
				CLANG_WARN_QUOTED_INCLUDE_IN_FRAMEWORK_HEADER = YES;
				CLANG_WARN_RANGE_LOOP_ANALYSIS = YES;
				CLANG_WARN_STRICT_PROTOTYPES = YES;
				CLANG_WARN_SUSPICIOUS_MOVE = YES;
				CLANG_WARN_UNGUARDED_AVAILABILITY = YES_AGGRESSIVE;
				CLANG_WARN_UNREACHABLE_CODE = YES;
				CLANG_WARN__DUPLICATE_METHOD_MATCH = YES;
				COPY_PHASE_STRIP = NO;
				DEBUG_INFORMATION_FORMAT = dwarf;
				ENABLE_STRICT_OBJC_MSGSEND = YES;
				ENABLE_TESTABILITY = YES;
				GCC_C_LANGUAGE_STANDARD = gnu11;
				GCC_DYNAMIC_NO_PIC = NO;
				GCC_NO_COMMON_BLOCKS = YES;
				GCC_OPTIMIZATION_LEVEL = 0;
				GCC_PREPROCESSOR_DEFINITIONS = (
					"DEBUG=1",
					"$(inherited)",
				);
				GCC_WARN_64_TO_32_BIT_CONVERSION = YES;
				GCC_WARN_ABOUT_RETURN_TYPE = YES_ERROR;
				GCC_WARN_UNDECLARED_SELECTOR = YES;
				GCC_WARN_UNINITIALIZED_AUTOS = YES_AGGRESSIVE;
				GCC_WARN_UNUSED_FUNCTION = YES;
				GCC_WARN_UNUSED_VARIABLE = YES;
				IPHONEOS_DEPLOYMENT_TARGET = 16.4;
				MTL_ENABLE_DEBUG_INFO = INCLUDE_SOURCE;
				MTL_FAST_MATH = YES;
				ONLY_ACTIVE_ARCH = YES;
				SDKROOT = iphoneos;
				SWIFT_ACTIVE_COMPILATION_CONDITIONS = DEBUG;
				SWIFT_OPTIMIZATION_LEVEL = "-Onone";
			};
			name = Debug;
		};
		C92B22FF2A04B8FC004D1CC5 /* Release */ = {
			isa = XCBuildConfiguration;
			buildSettings = {
				ALWAYS_SEARCH_USER_PATHS = NO;
				CLANG_ANALYZER_NONNULL = YES;
				CLANG_ANALYZER_NUMBER_OBJECT_CONVERSION = YES_AGGRESSIVE;
				CLANG_CXX_LANGUAGE_STANDARD = "gnu++20";
				CLANG_ENABLE_MODULES = YES;
				CLANG_ENABLE_OBJC_ARC = YES;
				CLANG_ENABLE_OBJC_WEAK = YES;
				CLANG_WARN_BLOCK_CAPTURE_AUTORELEASING = YES;
				CLANG_WARN_BOOL_CONVERSION = YES;
				CLANG_WARN_COMMA = YES;
				CLANG_WARN_CONSTANT_CONVERSION = YES;
				CLANG_WARN_DEPRECATED_OBJC_IMPLEMENTATIONS = YES;
				CLANG_WARN_DIRECT_OBJC_ISA_USAGE = YES_ERROR;
				CLANG_WARN_DOCUMENTATION_COMMENTS = YES;
				CLANG_WARN_EMPTY_BODY = YES;
				CLANG_WARN_ENUM_CONVERSION = YES;
				CLANG_WARN_INFINITE_RECURSION = YES;
				CLANG_WARN_INT_CONVERSION = YES;
				CLANG_WARN_NON_LITERAL_NULL_CONVERSION = YES;
				CLANG_WARN_OBJC_IMPLICIT_RETAIN_SELF = YES;
				CLANG_WARN_OBJC_LITERAL_CONVERSION = YES;
				CLANG_WARN_OBJC_ROOT_CLASS = YES_ERROR;
				CLANG_WARN_QUOTED_INCLUDE_IN_FRAMEWORK_HEADER = YES;
				CLANG_WARN_RANGE_LOOP_ANALYSIS = YES;
				CLANG_WARN_STRICT_PROTOTYPES = YES;
				CLANG_WARN_SUSPICIOUS_MOVE = YES;
				CLANG_WARN_UNGUARDED_AVAILABILITY = YES_AGGRESSIVE;
				CLANG_WARN_UNREACHABLE_CODE = YES;
				CLANG_WARN__DUPLICATE_METHOD_MATCH = YES;
				COPY_PHASE_STRIP = NO;
				DEBUG_INFORMATION_FORMAT = "dwarf-with-dsym";
				ENABLE_NS_ASSERTIONS = NO;
				ENABLE_STRICT_OBJC_MSGSEND = YES;
				GCC_C_LANGUAGE_STANDARD = gnu11;
				GCC_NO_COMMON_BLOCKS = YES;
				GCC_WARN_64_TO_32_BIT_CONVERSION = YES;
				GCC_WARN_ABOUT_RETURN_TYPE = YES_ERROR;
				GCC_WARN_UNDECLARED_SELECTOR = YES;
				GCC_WARN_UNINITIALIZED_AUTOS = YES_AGGRESSIVE;
				GCC_WARN_UNUSED_FUNCTION = YES;
				GCC_WARN_UNUSED_VARIABLE = YES;
				IPHONEOS_DEPLOYMENT_TARGET = 16.4;
				MTL_ENABLE_DEBUG_INFO = NO;
				MTL_FAST_MATH = YES;
				SDKROOT = iphoneos;
				SWIFT_COMPILATION_MODE = wholemodule;
				SWIFT_OPTIMIZATION_LEVEL = "-O";
				VALIDATE_PRODUCT = YES;
			};
			name = Release;
		};
		C92B23012A04B8FC004D1CC5 /* Debug */ = {
			isa = XCBuildConfiguration;
			buildSettings = {
				ASSETCATALOG_COMPILER_APPICON_NAME = AppIcon;
				ASSETCATALOG_COMPILER_GLOBAL_ACCENT_COLOR_NAME = AccentColor;
				CODE_SIGN_ENTITLEMENTS = NC1_CountingCalories/NC1_CountingCalories.entitlements;
				CODE_SIGN_STYLE = Automatic;
				CURRENT_PROJECT_VERSION = 1;
				DEVELOPMENT_ASSET_PATHS = "\"NC1_CountingCalories/Preview Content\"";
				DEVELOPMENT_TEAM = GVC59RAZPM;
				ENABLE_PREVIEWS = YES;
				GENERATE_INFOPLIST_FILE = YES;
				INFOPLIST_FILE = "NC1-CountingCalories-Info.plist";
				INFOPLIST_KEY_NSHealthShareUsageDescription = "Allow this app to access";
				INFOPLIST_KEY_NSHealthUpdateUsageDescription = "Allow this app to write";
				INFOPLIST_KEY_UIApplicationSceneManifest_Generation = YES;
				INFOPLIST_KEY_UIApplicationSupportsIndirectInputEvents = YES;
				INFOPLIST_KEY_UILaunchScreen_Generation = YES;
				INFOPLIST_KEY_UISupportedInterfaceOrientations_iPad = "UIInterfaceOrientationPortrait UIInterfaceOrientationPortraitUpsideDown UIInterfaceOrientationLandscapeLeft UIInterfaceOrientationLandscapeRight";
				INFOPLIST_KEY_UISupportedInterfaceOrientations_iPhone = "UIInterfaceOrientationPortrait UIInterfaceOrientationLandscapeLeft UIInterfaceOrientationLandscapeRight";
				LD_RUNPATH_SEARCH_PATHS = (
					"$(inherited)",
					"@executable_path/Frameworks",
				);
				MARKETING_VERSION = 1.0;
				PRODUCT_BUNDLE_IDENTIFIER = "com.ada.NC1-CountingCalories";
				PRODUCT_NAME = "$(TARGET_NAME)";
				SWIFT_EMIT_LOC_STRINGS = YES;
				SWIFT_VERSION = 5.0;
				TARGETED_DEVICE_FAMILY = "1,2";
			};
			name = Debug;
		};
		C92B23022A04B8FC004D1CC5 /* Release */ = {
			isa = XCBuildConfiguration;
			buildSettings = {
				ASSETCATALOG_COMPILER_APPICON_NAME = AppIcon;
				ASSETCATALOG_COMPILER_GLOBAL_ACCENT_COLOR_NAME = AccentColor;
				CODE_SIGN_ENTITLEMENTS = NC1_CountingCalories/NC1_CountingCalories.entitlements;
				CODE_SIGN_STYLE = Automatic;
				CURRENT_PROJECT_VERSION = 1;
				DEVELOPMENT_ASSET_PATHS = "\"NC1_CountingCalories/Preview Content\"";
				DEVELOPMENT_TEAM = GVC59RAZPM;
				ENABLE_PREVIEWS = YES;
				GENERATE_INFOPLIST_FILE = YES;
				INFOPLIST_FILE = "NC1-CountingCalories-Info.plist";
				INFOPLIST_KEY_NSHealthShareUsageDescription = "Allow this app to access";
				INFOPLIST_KEY_NSHealthUpdateUsageDescription = "Allow this app to write";
				INFOPLIST_KEY_UIApplicationSceneManifest_Generation = YES;
				INFOPLIST_KEY_UIApplicationSupportsIndirectInputEvents = YES;
				INFOPLIST_KEY_UILaunchScreen_Generation = YES;
				INFOPLIST_KEY_UISupportedInterfaceOrientations_iPad = "UIInterfaceOrientationPortrait UIInterfaceOrientationPortraitUpsideDown UIInterfaceOrientationLandscapeLeft UIInterfaceOrientationLandscapeRight";
				INFOPLIST_KEY_UISupportedInterfaceOrientations_iPhone = "UIInterfaceOrientationPortrait UIInterfaceOrientationLandscapeLeft UIInterfaceOrientationLandscapeRight";
				LD_RUNPATH_SEARCH_PATHS = (
					"$(inherited)",
					"@executable_path/Frameworks",
				);
				MARKETING_VERSION = 1.0;
				PRODUCT_BUNDLE_IDENTIFIER = "com.ada.NC1-CountingCalories";
				PRODUCT_NAME = "$(TARGET_NAME)";
				SWIFT_EMIT_LOC_STRINGS = YES;
				SWIFT_VERSION = 5.0;
				TARGETED_DEVICE_FAMILY = "1,2";
			};
			name = Release;
		};
/* End XCBuildConfiguration section */

/* Begin XCConfigurationList section */
		C92B22ED2A04B8FB004D1CC5 /* Build configuration list for PBXProject "NC1_CountingCalories" */ = {
			isa = XCConfigurationList;
			buildConfigurations = (
				C92B22FE2A04B8FC004D1CC5 /* Debug */,
				C92B22FF2A04B8FC004D1CC5 /* Release */,
			);
			defaultConfigurationIsVisible = 0;
			defaultConfigurationName = Release;
		};
		C92B23002A04B8FC004D1CC5 /* Build configuration list for PBXNativeTarget "NC1_CountingCalories" */ = {
			isa = XCConfigurationList;
			buildConfigurations = (
				C92B23012A04B8FC004D1CC5 /* Debug */,
				C92B23022A04B8FC004D1CC5 /* Release */,
			);
			defaultConfigurationIsVisible = 0;
			defaultConfigurationName = Release;
		};
/* End XCConfigurationList section */

/* Begin XCVersionGroup section */
		C9DEC5A52A0B914D004A66C0 /* Data1.xcdatamodeld */ = {
			isa = XCVersionGroup;
			children = (
				C9DEC5A62A0B914D004A66C0 /* Book1.xcdatamodel */,
			);
			currentVersion = C9DEC5A62A0B914D004A66C0 /* Book1.xcdatamodel */;
			path = Data1.xcdatamodeld;
			sourceTree = "<group>";
			versionGroupType = wrapper.xcdatamodel;
		};
/* End XCVersionGroup section */
	};
	rootObject = C92B22EA2A04B8FB004D1CC5 /* Project object */;
}
